
Microsoft Visual Studio Solution File, Format Version 12.00
# Visual Studio 15
VisualStudioVersion = 15.0.27004.2002
MinimumVisualStudioVersion = 10.0.40219.1
Project("{FAE04EC0-301F-11D3-BF4B-00C04F79EFBC}") = "EmbeddingWithPowerBI", "EmbeddingWithPowerBI\EmbeddingWithPowerBI.csproj", "{A07DE26F-78FF-412A-B7CA-0498AD2544DC}"
EndProject
Project("{FAE04EC0-301F-11D3-BF4B-00C04F79EFBC}") = "EmbeddingReport", "EmbeddingReport\EmbeddingReport.csproj", "{5733F7CB-28C5-4726-BDDA-1A3B9E8DE96D}"
EndProject
Project("{FAE04EC0-301F-11D3-BF4B-00C04F79EFBC}") = "EmbeddingDashBoard", "EmbeddingDashBoard\EmbeddingDashBoard.csproj", "{3650F5D1-290C-43BA-901E-05AD5FDD9DFC}"
EndProject
Global
	GlobalSection(SolutionConfigurationPlatforms) = preSolution
		Debug|Any CPU = Debug|Any CPU
		Release|Any CPU = Release|Any CPU
	EndGlobalSection
	GlobalSection(ProjectConfigurationPlatforms) = postSolution
		{A07DE26F-78FF-412A-B7CA-0498AD2544DC}.Debug|Any CPU.ActiveCfg = Debug|Any CPU
		{A07DE26F-78FF-412A-B7CA-0498AD2544DC}.Debug|Any CPU.Build.0 = Debug|Any CPU
		{A07DE26F-78FF-412A-B7CA-0498AD2544DC}.Release|Any CPU.ActiveCfg = Release|Any CPU
		{A07DE26F-78FF-412A-B7CA-0498AD2544DC}.Release|Any CPU.Build.0 = Release|Any CPU
		{5733F7CB-28C5-4726-BDDA-1A3B9E8DE96D}.Debug|Any CPU.ActiveCfg = Debug|Any CPU
		{5733F7CB-28C5-4726-BDDA-1A3B9E8DE96D}.Debug|Any CPU.Build.0 = Debug|Any CPU
		{5733F7CB-28C5-4726-BDDA-1A3B9E8DE96D}.Release|Any CPU.ActiveCfg = Release|Any CPU
		{5733F7CB-28C5-4726-BDDA-1A3B9E8DE96D}.Release|Any CPU.Build.0 = Release|Any CPU
		{3650F5D1-290C-43BA-901E-05AD5FDD9DFC}.Debug|Any CPU.ActiveCfg = Debug|Any CPU
		{3650F5D1-290C-43BA-901E-05AD5FDD9DFC}.Debug|Any CPU.Build.0 = Debug|Any CPU
		{3650F5D1-290C-43BA-901E-05AD5FDD9DFC}.Release|Any CPU.ActiveCfg = Release|Any CPU
		{3650F5D1-290C-43BA-901E-05AD5FDD9DFC}.Release|Any CPU.Build.0 = Release|Any CPU
	EndGlobalSection
	GlobalSection(SolutionProperties) = preSolution
		HideSolutionNode = FALSE
	EndGlobalSection
	GlobalSection(ExtensibilityGlobals) = postSolution
		SolutionGuid = {52B225CE-E22A-4D4D-BF67-45847B3917C3}
	EndGlobalSection
EndGlobal
